
Microsoft Visual Studio Solution File, Format Version 12.00
# Visual Studio Version 17
VisualStudioVersion = 17.9.34622.214
MinimumVisualStudioVersion = 10.0.40219.1
Project("{9A19103F-16F7-4668-BE54-9A1E7A4F7556}") = "MenuApi", "MenuApi\MenuApi.csproj", "{118A1881-EFC6-4F79-B873-AE242099D8B4}"
EndProject
Project("{9A19103F-16F7-4668-BE54-9A1E7A4F7556}") = "MenuApiTests", "MenuApiTests\MenuApiTests.csproj", "{CD455554-B0E8-41CE-8948-61510A61F6BF}"
EndProject
Project("{9092AA53-FB77-4645-B42D-1CCCA6BD08BD}") = "MenuApiIntegrationTests", "MenuApiIntegrationTests\MenuApiIntegrationTests.njsproj", "{1587F642-8816-44A7-B6D6-16B0634BD4DA}"
EndProject
Global
	GlobalSection(SolutionConfigurationPlatforms) = preSolution
		Debug|Any CPU = Debug|Any CPU
		Release|Any CPU = Release|Any CPU
	EndGlobalSection
	GlobalSection(ProjectConfigurationPlatforms) = postSolution
		{118A1881-EFC6-4F79-B873-AE242099D8B4}.Debug|Any CPU.ActiveCfg = Debug|Any CPU
		{118A1881-EFC6-4F79-B873-AE242099D8B4}.Debug|Any CPU.Build.0 = Debug|Any CPU
		{118A1881-EFC6-4F79-B873-AE242099D8B4}.Release|Any CPU.ActiveCfg = Release|Any CPU
		{118A1881-EFC6-4F79-B873-AE242099D8B4}.Release|Any CPU.Build.0 = Release|Any CPU
		{CD455554-B0E8-41CE-8948-61510A61F6BF}.Debug|Any CPU.ActiveCfg = Debug|Any CPU
		{CD455554-B0E8-41CE-8948-61510A61F6BF}.Debug|Any CPU.Build.0 = Debug|Any CPU
		{CD455554-B0E8-41CE-8948-61510A61F6BF}.Release|Any CPU.ActiveCfg = Release|Any CPU
		{CD455554-B0E8-41CE-8948-61510A61F6BF}.Release|Any CPU.Build.0 = Release|Any CPU
		{1587F642-8816-44A7-B6D6-16B0634BD4DA}.Debug|Any CPU.ActiveCfg = Debug|Any CPU
		{1587F642-8816-44A7-B6D6-16B0634BD4DA}.Release|Any CPU.ActiveCfg = Release|Any CPU
		{1587F642-8816-44A7-B6D6-16B0634BD4DA}.Release|Any CPU.Build.0 = Release|Any CPU
	EndGlobalSection
	GlobalSection(SolutionProperties) = preSolution
		HideSolutionNode = FALSE
	EndGlobalSection
	GlobalSection(ExtensibilityGlobals) = postSolution
		SolutionGuid = {CBD64B88-9257-4A5C-ACA4-2722E58D5DB3}
	EndGlobalSection
EndGlobal
